
Microsoft Visual Studio Solution File, Format Version 12.00
# Visual Studio Version 17
VisualStudioVersion = 17.14.36623.8
MinimumVisualStudioVersion = 10.0.40219.1
Project("{FAE04EC0-301F-11D3-BF4B-00C04F79EFBC}") = "Projet_ E-commerce", "Projet_ E-commerce\Projet_ E-commerce.csproj", "{C097D60F-FDB8-4CEB-9035-EA62A1B5D490}"
EndProject
Global
	GlobalSection(SolutionConfigurationPlatforms) = preSolution
		Debug|Any CPU = Debug|Any CPU
		Release|Any CPU = Release|Any CPU
	EndGlobalSection
	GlobalSection(ProjectConfigurationPlatforms) = postSolution
		{C097D60F-FDB8-4CEB-9035-EA62A1B5D490}.Debug|Any CPU.ActiveCfg = Debug|Any CPU
		{C097D60F-FDB8-4CEB-9035-EA62A1B5D490}.Debug|Any CPU.Build.0 = Debug|Any CPU
		{C097D60F-FDB8-4CEB-9035-EA62A1B5D490}.Release|Any CPU.ActiveCfg = Release|Any CPU
		{C097D60F-FDB8-4CEB-9035-EA62A1B5D490}.Release|Any CPU.Build.0 = Release|Any CPU
	EndGlobalSection
	GlobalSection(SolutionProperties) = preSolution
		HideSolutionNode = FALSE
	EndGlobalSection
	GlobalSection(ExtensibilityGlobals) = postSolution
		SolutionGuid = {1C31C358-DF74-478C-920B-98076944B562}
	EndGlobalSection
EndGlobal
